
Microsoft Visual Studio Solution File, Format Version 12.00
# Visual Studio Version 16
VisualStudioVersion = 16.0.31515.178
MinimumVisualStudioVersion = 10.0.40219.1
Project("{FAE04EC0-301F-11D3-BF4B-00C04F79EFBC}") = "Lesson2_Task1", "Lesson2_Task1.csproj", "{77420E57-2BF6-4E04-9288-66A935570426}"
EndProject
Global
	GlobalSection(SolutionConfigurationPlatforms) = preSolution
		Debug|Any CPU = Debug|Any CPU
		Release|Any CPU = Release|Any CPU
	EndGlobalSection
	GlobalSection(ProjectConfigurationPlatforms) = postSolution
		{77420E57-2BF6-4E04-9288-66A935570426}.Debug|Any CPU.ActiveCfg = Debug|Any CPU
		{77420E57-2BF6-4E04-9288-66A935570426}.Debug|Any CPU.Build.0 = Debug|Any CPU
		{77420E57-2BF6-4E04-9288-66A935570426}.Release|Any CPU.ActiveCfg = Release|Any CPU
		{77420E57-2BF6-4E04-9288-66A935570426}.Release|Any CPU.Build.0 = Release|Any CPU
	EndGlobalSection
	GlobalSection(SolutionProperties) = preSolution
		HideSolutionNode = FALSE
	EndGlobalSection
	GlobalSection(ExtensibilityGlobals) = postSolution
		SolutionGuid = {F5397B15-5B5A-42F1-BDF1-0B53CDC695F9}
	EndGlobalSection
EndGlobal
