
Microsoft Visual Studio Solution File, Format Version 12.00
# Visual Studio Version 17
VisualStudioVersion = 17.1.32407.343
MinimumVisualStudioVersion = 10.0.40219.1
Project("{FAE04EC0-301F-11D3-BF4B-00C04F79EFBC}") = "12222", "12222.csproj", "{665BCA7D-76E6-435B-BD99-D18FF3B75022}"
EndProject
Global
	GlobalSection(SolutionConfigurationPlatforms) = preSolution
		Debug|Any CPU = Debug|Any CPU
		Release|Any CPU = Release|Any CPU
	EndGlobalSection
	GlobalSection(ProjectConfigurationPlatforms) = postSolution
		{665BCA7D-76E6-435B-BD99-D18FF3B75022}.Debug|Any CPU.ActiveCfg = Debug|Any CPU
		{665BCA7D-76E6-435B-BD99-D18FF3B75022}.Debug|Any CPU.Build.0 = Debug|Any CPU
		{665BCA7D-76E6-435B-BD99-D18FF3B75022}.Release|Any CPU.ActiveCfg = Release|Any CPU
		{665BCA7D-76E6-435B-BD99-D18FF3B75022}.Release|Any CPU.Build.0 = Release|Any CPU
	EndGlobalSection
	GlobalSection(SolutionProperties) = preSolution
		HideSolutionNode = FALSE
	EndGlobalSection
	GlobalSection(ExtensibilityGlobals) = postSolution
		SolutionGuid = {1356AFFB-AC6F-4995-AED8-46A57F8E9973}
	EndGlobalSection
EndGlobal
